
Microsoft Visual Studio Solution File, Format Version 12.00
# Visual Studio Version 17
VisualStudioVersion = 17.14.36915.13 d17.14
MinimumVisualStudioVersion = 10.0.40219.1
Project("{FAE04EC0-301F-11D3-BF4B-00C04F79EFBC}") = "Shopping", "Shopping\Shopping.csproj", "{B550DF0A-E93A-43BB-8DCF-1903BA072B73}"
EndProject
Global
	GlobalSection(SolutionConfigurationPlatforms) = preSolution
		Debug|Any CPU = Debug|Any CPU
		Release|Any CPU = Release|Any CPU
	EndGlobalSection
	GlobalSection(ProjectConfigurationPlatforms) = postSolution
		{B550DF0A-E93A-43BB-8DCF-1903BA072B73}.Debug|Any CPU.ActiveCfg = Debug|Any CPU
		{B550DF0A-E93A-43BB-8DCF-1903BA072B73}.Debug|Any CPU.Build.0 = Debug|Any CPU
		{B550DF0A-E93A-43BB-8DCF-1903BA072B73}.Release|Any CPU.ActiveCfg = Release|Any CPU
		{B550DF0A-E93A-43BB-8DCF-1903BA072B73}.Release|Any CPU.Build.0 = Release|Any CPU
	EndGlobalSection
	GlobalSection(SolutionProperties) = preSolution
		HideSolutionNode = FALSE
	EndGlobalSection
	GlobalSection(ExtensibilityGlobals) = postSolution
		SolutionGuid = {DCE4724B-29A6-4545-AC4D-623D81A113A0}
	EndGlobalSection
EndGlobal
